
Microsoft Visual Studio Solution File, Format Version 12.00
# Visual Studio 15
VisualStudioVersion = 15.0.27130.2010
MinimumVisualStudioVersion = 10.0.40219.1
Project("{FAE04EC0-301F-11D3-BF4B-00C04F79EFBC}") = "CodeFirstMvc", "CodeFirstMvc\CodeFirstMvc.csproj", "{A9290DC1-E58A-46E9-A943-69EBF7274907}"
EndProject
Project("{FAE04EC0-301F-11D3-BF4B-00C04F79EFBC}") = "CodeFirstMvc.Tests", "CodeFirstMvc.Tests\CodeFirstMvc.Tests.csproj", "{7118B850-A858-4869-AEBA-3C0DA9C0AF7A}"
EndProject
Project("{FAE04EC0-301F-11D3-BF4B-00C04F79EFBC}") = "CodeFirstMvc.Data", "CodeFirstMvc.Data\CodeFirstMvc.Data.csproj", "{1057FB4E-6959-48F4-942A-A7B3A9D4716A}"
EndProject
Project("{FAE04EC0-301F-11D3-BF4B-00C04F79EFBC}") = "CodeFirstMvc.Model", "CodeFirstMvc.Model\CodeFirstMvc.Model.csproj", "{25A85A47-6FF5-46A8-9603-0896B21FE109}"
EndProject
Project("{FAE04EC0-301F-11D3-BF4B-00C04F79EFBC}") = "CodeFirstMvc.Service", "CodeFirstMvc.Service\CodeFirstMvc.Service.csproj", "{8058DDD0-CC70-4325-B302-56F1846A218A}"
EndProject
Global
	GlobalSection(SolutionConfigurationPlatforms) = preSolution
		Debug|Any CPU = Debug|Any CPU
		Release|Any CPU = Release|Any CPU
	EndGlobalSection
	GlobalSection(ProjectConfigurationPlatforms) = postSolution
		{A9290DC1-E58A-46E9-A943-69EBF7274907}.Debug|Any CPU.ActiveCfg = Debug|Any CPU
		{A9290DC1-E58A-46E9-A943-69EBF7274907}.Debug|Any CPU.Build.0 = Debug|Any CPU
		{A9290DC1-E58A-46E9-A943-69EBF7274907}.Release|Any CPU.ActiveCfg = Release|Any CPU
		{A9290DC1-E58A-46E9-A943-69EBF7274907}.Release|Any CPU.Build.0 = Release|Any CPU
		{7118B850-A858-4869-AEBA-3C0DA9C0AF7A}.Debug|Any CPU.ActiveCfg = Debug|Any CPU
		{7118B850-A858-4869-AEBA-3C0DA9C0AF7A}.Debug|Any CPU.Build.0 = Debug|Any CPU
		{7118B850-A858-4869-AEBA-3C0DA9C0AF7A}.Release|Any CPU.ActiveCfg = Release|Any CPU
		{7118B850-A858-4869-AEBA-3C0DA9C0AF7A}.Release|Any CPU.Build.0 = Release|Any CPU
		{1057FB4E-6959-48F4-942A-A7B3A9D4716A}.Debug|Any CPU.ActiveCfg = Debug|Any CPU
		{1057FB4E-6959-48F4-942A-A7B3A9D4716A}.Debug|Any CPU.Build.0 = Debug|Any CPU
		{1057FB4E-6959-48F4-942A-A7B3A9D4716A}.Release|Any CPU.ActiveCfg = Release|Any CPU
		{1057FB4E-6959-48F4-942A-A7B3A9D4716A}.Release|Any CPU.Build.0 = Release|Any CPU
		{25A85A47-6FF5-46A8-9603-0896B21FE109}.Debug|Any CPU.ActiveCfg = Debug|Any CPU
		{25A85A47-6FF5-46A8-9603-0896B21FE109}.Debug|Any CPU.Build.0 = Debug|Any CPU
		{25A85A47-6FF5-46A8-9603-0896B21FE109}.Release|Any CPU.ActiveCfg = Release|Any CPU
		{25A85A47-6FF5-46A8-9603-0896B21FE109}.Release|Any CPU.Build.0 = Release|Any CPU
		{8058DDD0-CC70-4325-B302-56F1846A218A}.Debug|Any CPU.ActiveCfg = Debug|Any CPU
		{8058DDD0-CC70-4325-B302-56F1846A218A}.Debug|Any CPU.Build.0 = Debug|Any CPU
		{8058DDD0-CC70-4325-B302-56F1846A218A}.Release|Any CPU.ActiveCfg = Release|Any CPU
		{8058DDD0-CC70-4325-B302-56F1846A218A}.Release|Any CPU.Build.0 = Release|Any CPU
	EndGlobalSection
	GlobalSection(SolutionProperties) = preSolution
		HideSolutionNode = FALSE
	EndGlobalSection
	GlobalSection(ExtensibilityGlobals) = postSolution
		SolutionGuid = {9E6F2122-3A4B-4E7A-8208-86D3E15CA753}
	EndGlobalSection
EndGlobal
